
Microsoft Visual Studio Solution File, Format Version 12.00
# Visual Studio 15
VisualStudioVersion = 15.0.28307.136
MinimumVisualStudioVersion = 10.0.40219.1
Project("{FAE04EC0-301F-11D3-BF4B-00C04F79EFBC}") = "PlutoCFEDB", "PlutoCFEDB.csproj", "{9AB946EE-5D04-4C36-A8B9-4806D3782B2E}"
EndProject
Global
	GlobalSection(SolutionConfigurationPlatforms) = preSolution
		Debug|Any CPU = Debug|Any CPU
		Release|Any CPU = Release|Any CPU
	EndGlobalSection
	GlobalSection(ProjectConfigurationPlatforms) = postSolution
		{9AB946EE-5D04-4C36-A8B9-4806D3782B2E}.Debug|Any CPU.ActiveCfg = Debug|Any CPU
		{9AB946EE-5D04-4C36-A8B9-4806D3782B2E}.Debug|Any CPU.Build.0 = Debug|Any CPU
		{9AB946EE-5D04-4C36-A8B9-4806D3782B2E}.Release|Any CPU.ActiveCfg = Release|Any CPU
		{9AB946EE-5D04-4C36-A8B9-4806D3782B2E}.Release|Any CPU.Build.0 = Release|Any CPU
	EndGlobalSection
	GlobalSection(SolutionProperties) = preSolution
		HideSolutionNode = FALSE
	EndGlobalSection
	GlobalSection(ExtensibilityGlobals) = postSolution
		SolutionGuid = {374DD1C1-7D2B-4273-84C2-7858740F3216}
	EndGlobalSection
EndGlobal
